
Microsoft Visual Studio Solution File, Format Version 12.00
# Visual Studio 2017
Project("{FAE04EC0-301F-11D3-BF4B-00C04F79EFBC}") = "CeeCeeCatchv4", "CeeCeeCatchv4.csproj", "{DA9271AF-CA11-6EC5-15CE-FE80DFF74675}"
EndProject
Global
	GlobalSection(SolutionConfigurationPlatforms) = preSolution
		Debug|Any CPU = Debug|Any CPU
		Release|Any CPU = Release|Any CPU
	EndGlobalSection
	GlobalSection(ProjectConfigurationPlatforms) = postSolution
		{DA9271AF-CA11-6EC5-15CE-FE80DFF74675}.Debug|Any CPU.ActiveCfg = Debug|Any CPU
		{DA9271AF-CA11-6EC5-15CE-FE80DFF74675}.Debug|Any CPU.Build.0 = Debug|Any CPU
		{DA9271AF-CA11-6EC5-15CE-FE80DFF74675}.Release|Any CPU.ActiveCfg = Release|Any CPU
		{DA9271AF-CA11-6EC5-15CE-FE80DFF74675}.Release|Any CPU.Build.0 = Release|Any CPU
	EndGlobalSection
	GlobalSection(SolutionProperties) = preSolution
		HideSolutionNode = FALSE
	EndGlobalSection
EndGlobal
